
Microsoft Visual Studio Solution File, Format Version 12.00
# Visual Studio 2013
VisualStudioVersion = 12.0.21005.1
MinimumVisualStudioVersion = 10.0.40219.1
Project("{FAE04EC0-301F-11D3-BF4B-00C04F79EFBC}") = "Learni.UI.Mobile", "Learni.UI.Mobile\Learni.UI.Mobile.csproj", "{58E78AE1-EFE9-44CC-B240-D93A57F49657}"
EndProject
Project("{2150E333-8FDC-42A3-9474-1A3956D46DE8}") = "UI", "UI", "{573AFEA2-8E2F-4024-91B6-661965AE49F0}"
EndProject
Project("{2150E333-8FDC-42A3-9474-1A3956D46DE8}") = "Core", "Core", "{92054090-7FE4-41D4-A4C8-B6D6F884C8CD}"
EndProject
Project("{FAE04EC0-301F-11D3-BF4B-00C04F79EFBC}") = "Learni.UI.Web", "Learni.UI.Web\Learni.UI.Web.csproj", "{440397BF-4829-4AF9-8C4D-230E7E26345C}"
EndProject
Project("{FAE04EC0-301F-11D3-BF4B-00C04F79EFBC}") = "Learni.Core.Interfaces", "Learni.Core.Interfaces\Learni.Core.Interfaces.csproj", "{11876F63-7A62-429E-A12E-CAA4AC540FC9}"
EndProject
Project("{2150E333-8FDC-42A3-9474-1A3956D46DE8}") = "Infrastructure", "Infrastructure", "{1C903B77-9091-41D7-839B-4F4E3FC48CAA}"
EndProject
Project("{FAE04EC0-301F-11D3-BF4B-00C04F79EFBC}") = "Learni.Infrastructure.DataAccess", "Learni.Infrastructure.DataAccess\Learni.Infrastructure.DataAccess.csproj", "{335E2477-EB0C-47F7-8A3F-3CC77ADF580F}"
EndProject
Project("{2150E333-8FDC-42A3-9474-1A3956D46DE8}") = "Tests", "Tests", "{EDA1854E-E5B8-48AE-B466-5D4E62370466}"
EndProject
Project("{FAE04EC0-301F-11D3-BF4B-00C04F79EFBC}") = "Learni.Infrastructure.Tests", "Learni.Infrastructure.Tests\Learni.Infrastructure.Tests.csproj", "{E7C495AE-E43B-4CC8-8626-975968451F21}"
EndProject
Project("{2150E333-8FDC-42A3-9474-1A3956D46DE8}") = "API", "API", "{9124C631-9503-47F7-9B80-E4FA187FCF77}"
EndProject
Project("{FAE04EC0-301F-11D3-BF4B-00C04F79EFBC}") = "Learni.API", "Learni.API\Learni.API.csproj", "{687D7958-601C-4FD5-9EA8-A3968520E03B}"
EndProject
Project("{FAE04EC0-301F-11D3-BF4B-00C04F79EFBC}") = "Learni.API.Tests", "Learni.API.Tests\Learni.API.Tests.csproj", "{EF9DD3D1-71AA-4139-B900-3817D3BBACBC}"
EndProject
Project("{FAE04EC0-301F-11D3-BF4B-00C04F79EFBC}") = "Learni.UI.Tests", "Learni.UI.Tests\Learni.UI.Tests.csproj", "{847F1842-509A-44A8-B4A4-12C9FF32CF29}"
EndProject
Project("{FAE04EC0-301F-11D3-BF4B-00C04F79EFBC}") = "Learni.Core.Models", "Learni.Core.Models\Learni.Core.Models.csproj", "{539AB780-6C86-4BDB-B4A0-87EE2D28BCFD}"
EndProject
Project("{FAE04EC0-301F-11D3-BF4B-00C04F79EFBC}") = "Learni.UI.Mobile.LockScreenAgent", "Learni.UI.Mobile.LockScreenAgent\Learni.UI.Mobile.LockScreenAgent.csproj", "{C0AAB330-915B-489B-98D2-759FED0F50F0}"
EndProject
Global
	GlobalSection(SolutionConfigurationPlatforms) = preSolution
		Debug|Any CPU = Debug|Any CPU
		Debug|ARM = Debug|ARM
		Debug|x86 = Debug|x86
		Release|Any CPU = Release|Any CPU
		Release|ARM = Release|ARM
		Release|x86 = Release|x86
	EndGlobalSection
	GlobalSection(ProjectConfigurationPlatforms) = postSolution
		{58E78AE1-EFE9-44CC-B240-D93A57F49657}.Debug|Any CPU.ActiveCfg = Debug|Any CPU
		{58E78AE1-EFE9-44CC-B240-D93A57F49657}.Debug|Any CPU.Build.0 = Debug|Any CPU
		{58E78AE1-EFE9-44CC-B240-D93A57F49657}.Debug|Any CPU.Deploy.0 = Debug|Any CPU
		{58E78AE1-EFE9-44CC-B240-D93A57F49657}.Debug|ARM.ActiveCfg = Debug|ARM
		{58E78AE1-EFE9-44CC-B240-D93A57F49657}.Debug|ARM.Build.0 = Debug|ARM
		{58E78AE1-EFE9-44CC-B240-D93A57F49657}.Debug|ARM.Deploy.0 = Debug|ARM
		{58E78AE1-EFE9-44CC-B240-D93A57F49657}.Debug|x86.ActiveCfg = Debug|x86
		{58E78AE1-EFE9-44CC-B240-D93A57F49657}.Debug|x86.Build.0 = Debug|x86
		{58E78AE1-EFE9-44CC-B240-D93A57F49657}.Debug|x86.Deploy.0 = Debug|x86
		{58E78AE1-EFE9-44CC-B240-D93A57F49657}.Release|Any CPU.ActiveCfg = Release|Any CPU
		{58E78AE1-EFE9-44CC-B240-D93A57F49657}.Release|Any CPU.Build.0 = Release|Any CPU
		{58E78AE1-EFE9-44CC-B240-D93A57F49657}.Release|Any CPU.Deploy.0 = Release|Any CPU
		{58E78AE1-EFE9-44CC-B240-D93A57F49657}.Release|ARM.ActiveCfg = Release|ARM
		{58E78AE1-EFE9-44CC-B240-D93A57F49657}.Release|ARM.Build.0 = Release|ARM
		{58E78AE1-EFE9-44CC-B240-D93A57F49657}.Release|ARM.Deploy.0 = Release|ARM
		{58E78AE1-EFE9-44CC-B240-D93A57F49657}.Release|x86.ActiveCfg = Release|x86
		{58E78AE1-EFE9-44CC-B240-D93A57F49657}.Release|x86.Build.0 = Release|x86
		{58E78AE1-EFE9-44CC-B240-D93A57F49657}.Release|x86.Deploy.0 = Release|x86
		{440397BF-4829-4AF9-8C4D-230E7E26345C}.Debug|Any CPU.ActiveCfg = Debug|Any CPU
		{440397BF-4829-4AF9-8C4D-230E7E26345C}.Debug|Any CPU.Build.0 = Debug|Any CPU
		{440397BF-4829-4AF9-8C4D-230E7E26345C}.Debug|ARM.ActiveCfg = Debug|Any CPU
		{440397BF-4829-4AF9-8C4D-230E7E26345C}.Debug|x86.ActiveCfg = Debug|Any CPU
		{440397BF-4829-4AF9-8C4D-230E7E26345C}.Release|Any CPU.ActiveCfg = Release|Any CPU
		{440397BF-4829-4AF9-8C4D-230E7E26345C}.Release|Any CPU.Build.0 = Release|Any CPU
		{440397BF-4829-4AF9-8C4D-230E7E26345C}.Release|ARM.ActiveCfg = Release|Any CPU
		{440397BF-4829-4AF9-8C4D-230E7E26345C}.Release|x86.ActiveCfg = Release|Any CPU
		{11876F63-7A62-429E-A12E-CAA4AC540FC9}.Debug|Any CPU.ActiveCfg = Debug|Any CPU
		{11876F63-7A62-429E-A12E-CAA4AC540FC9}.Debug|Any CPU.Build.0 = Debug|Any CPU
		{11876F63-7A62-429E-A12E-CAA4AC540FC9}.Debug|ARM.ActiveCfg = Debug|Any CPU
		{11876F63-7A62-429E-A12E-CAA4AC540FC9}.Debug|x86.ActiveCfg = Debug|Any CPU
		{11876F63-7A62-429E-A12E-CAA4AC540FC9}.Release|Any CPU.ActiveCfg = Release|Any CPU
		{11876F63-7A62-429E-A12E-CAA4AC540FC9}.Release|Any CPU.Build.0 = Release|Any CPU
		{11876F63-7A62-429E-A12E-CAA4AC540FC9}.Release|ARM.ActiveCfg = Release|Any CPU
		{11876F63-7A62-429E-A12E-CAA4AC540FC9}.Release|x86.ActiveCfg = Release|Any CPU
		{335E2477-EB0C-47F7-8A3F-3CC77ADF580F}.Debug|Any CPU.ActiveCfg = Debug|Any CPU
		{335E2477-EB0C-47F7-8A3F-3CC77ADF580F}.Debug|Any CPU.Build.0 = Debug|Any CPU
		{335E2477-EB0C-47F7-8A3F-3CC77ADF580F}.Debug|ARM.ActiveCfg = Debug|Any CPU
		{335E2477-EB0C-47F7-8A3F-3CC77ADF580F}.Debug|x86.ActiveCfg = Debug|Any CPU
		{335E2477-EB0C-47F7-8A3F-3CC77ADF580F}.Release|Any CPU.ActiveCfg = Release|Any CPU
		{335E2477-EB0C-47F7-8A3F-3CC77ADF580F}.Release|Any CPU.Build.0 = Release|Any CPU
		{335E2477-EB0C-47F7-8A3F-3CC77ADF580F}.Release|ARM.ActiveCfg = Release|Any CPU
		{335E2477-EB0C-47F7-8A3F-3CC77ADF580F}.Release|x86.ActiveCfg = Release|Any CPU
		{E7C495AE-E43B-4CC8-8626-975968451F21}.Debug|Any CPU.ActiveCfg = Debug|Any CPU
		{E7C495AE-E43B-4CC8-8626-975968451F21}.Debug|Any CPU.Build.0 = Debug|Any CPU
		{E7C495AE-E43B-4CC8-8626-975968451F21}.Debug|ARM.ActiveCfg = Debug|Any CPU
		{E7C495AE-E43B-4CC8-8626-975968451F21}.Debug|x86.ActiveCfg = Debug|Any CPU
		{E7C495AE-E43B-4CC8-8626-975968451F21}.Release|Any CPU.ActiveCfg = Release|Any CPU
		{E7C495AE-E43B-4CC8-8626-975968451F21}.Release|Any CPU.Build.0 = Release|Any CPU
		{E7C495AE-E43B-4CC8-8626-975968451F21}.Release|ARM.ActiveCfg = Release|Any CPU
		{E7C495AE-E43B-4CC8-8626-975968451F21}.Release|x86.ActiveCfg = Release|Any CPU
		{687D7958-601C-4FD5-9EA8-A3968520E03B}.Debug|Any CPU.ActiveCfg = Debug|Any CPU
		{687D7958-601C-4FD5-9EA8-A3968520E03B}.Debug|Any CPU.Build.0 = Debug|Any CPU
		{687D7958-601C-4FD5-9EA8-A3968520E03B}.Debug|ARM.ActiveCfg = Debug|Any CPU
		{687D7958-601C-4FD5-9EA8-A3968520E03B}.Debug|x86.ActiveCfg = Debug|Any CPU
		{687D7958-601C-4FD5-9EA8-A3968520E03B}.Release|Any CPU.ActiveCfg = Release|Any CPU
		{687D7958-601C-4FD5-9EA8-A3968520E03B}.Release|Any CPU.Build.0 = Release|Any CPU
		{687D7958-601C-4FD5-9EA8-A3968520E03B}.Release|ARM.ActiveCfg = Release|Any CPU
		{687D7958-601C-4FD5-9EA8-A3968520E03B}.Release|x86.ActiveCfg = Release|Any CPU
		{EF9DD3D1-71AA-4139-B900-3817D3BBACBC}.Debug|Any CPU.ActiveCfg = Debug|Any CPU
		{EF9DD3D1-71AA-4139-B900-3817D3BBACBC}.Debug|Any CPU.Build.0 = Debug|Any CPU
		{EF9DD3D1-71AA-4139-B900-3817D3BBACBC}.Debug|ARM.ActiveCfg = Debug|Any CPU
		{EF9DD3D1-71AA-4139-B900-3817D3BBACBC}.Debug|x86.ActiveCfg = Debug|Any CPU
		{EF9DD3D1-71AA-4139-B900-3817D3BBACBC}.Release|Any CPU.ActiveCfg = Release|Any CPU
		{EF9DD3D1-71AA-4139-B900-3817D3BBACBC}.Release|Any CPU.Build.0 = Release|Any CPU
		{EF9DD3D1-71AA-4139-B900-3817D3BBACBC}.Release|ARM.ActiveCfg = Release|Any CPU
		{EF9DD3D1-71AA-4139-B900-3817D3BBACBC}.Release|x86.ActiveCfg = Release|Any CPU
		{847F1842-509A-44A8-B4A4-12C9FF32CF29}.Debug|Any CPU.ActiveCfg = Debug|Any CPU
		{847F1842-509A-44A8-B4A4-12C9FF32CF29}.Debug|Any CPU.Build.0 = Debug|Any CPU
		{847F1842-509A-44A8-B4A4-12C9FF32CF29}.Debug|ARM.ActiveCfg = Debug|Any CPU
		{847F1842-509A-44A8-B4A4-12C9FF32CF29}.Debug|x86.ActiveCfg = Debug|Any CPU
		{847F1842-509A-44A8-B4A4-12C9FF32CF29}.Release|Any CPU.ActiveCfg = Release|Any CPU
		{847F1842-509A-44A8-B4A4-12C9FF32CF29}.Release|Any CPU.Build.0 = Release|Any CPU
		{847F1842-509A-44A8-B4A4-12C9FF32CF29}.Release|ARM.ActiveCfg = Release|Any CPU
		{847F1842-509A-44A8-B4A4-12C9FF32CF29}.Release|x86.ActiveCfg = Release|Any CPU
		{539AB780-6C86-4BDB-B4A0-87EE2D28BCFD}.Debug|Any CPU.ActiveCfg = Debug|Any CPU
		{539AB780-6C86-4BDB-B4A0-87EE2D28BCFD}.Debug|Any CPU.Build.0 = Debug|Any CPU
		{539AB780-6C86-4BDB-B4A0-87EE2D28BCFD}.Debug|ARM.ActiveCfg = Debug|Any CPU
		{539AB780-6C86-4BDB-B4A0-87EE2D28BCFD}.Debug|x86.ActiveCfg = Debug|Any CPU
		{539AB780-6C86-4BDB-B4A0-87EE2D28BCFD}.Release|Any CPU.ActiveCfg = Release|Any CPU
		{539AB780-6C86-4BDB-B4A0-87EE2D28BCFD}.Release|Any CPU.Build.0 = Release|Any CPU
		{539AB780-6C86-4BDB-B4A0-87EE2D28BCFD}.Release|ARM.ActiveCfg = Release|Any CPU
		{539AB780-6C86-4BDB-B4A0-87EE2D28BCFD}.Release|x86.ActiveCfg = Release|Any CPU
		{C0AAB330-915B-489B-98D2-759FED0F50F0}.Debug|Any CPU.ActiveCfg = Debug|Any CPU
		{C0AAB330-915B-489B-98D2-759FED0F50F0}.Debug|Any CPU.Build.0 = Debug|Any CPU
		{C0AAB330-915B-489B-98D2-759FED0F50F0}.Debug|ARM.ActiveCfg = Debug|ARM
		{C0AAB330-915B-489B-98D2-759FED0F50F0}.Debug|ARM.Build.0 = Debug|ARM
		{C0AAB330-915B-489B-98D2-759FED0F50F0}.Debug|x86.ActiveCfg = Debug|x86
		{C0AAB330-915B-489B-98D2-759FED0F50F0}.Debug|x86.Build.0 = Debug|x86
		{C0AAB330-915B-489B-98D2-759FED0F50F0}.Release|Any CPU.ActiveCfg = Release|Any CPU
		{C0AAB330-915B-489B-98D2-759FED0F50F0}.Release|Any CPU.Build.0 = Release|Any CPU
		{C0AAB330-915B-489B-98D2-759FED0F50F0}.Release|ARM.ActiveCfg = Release|ARM
		{C0AAB330-915B-489B-98D2-759FED0F50F0}.Release|ARM.Build.0 = Release|ARM
		{C0AAB330-915B-489B-98D2-759FED0F50F0}.Release|x86.ActiveCfg = Release|x86
		{C0AAB330-915B-489B-98D2-759FED0F50F0}.Release|x86.Build.0 = Release|x86
	EndGlobalSection
	GlobalSection(SolutionProperties) = preSolution
		HideSolutionNode = FALSE
	EndGlobalSection
	GlobalSection(NestedProjects) = preSolution
		{58E78AE1-EFE9-44CC-B240-D93A57F49657} = {573AFEA2-8E2F-4024-91B6-661965AE49F0}
		{440397BF-4829-4AF9-8C4D-230E7E26345C} = {573AFEA2-8E2F-4024-91B6-661965AE49F0}
		{C0AAB330-915B-489B-98D2-759FED0F50F0} = {573AFEA2-8E2F-4024-91B6-661965AE49F0}
		{11876F63-7A62-429E-A12E-CAA4AC540FC9} = {92054090-7FE4-41D4-A4C8-B6D6F884C8CD}
		{539AB780-6C86-4BDB-B4A0-87EE2D28BCFD} = {92054090-7FE4-41D4-A4C8-B6D6F884C8CD}
		{335E2477-EB0C-47F7-8A3F-3CC77ADF580F} = {1C903B77-9091-41D7-839B-4F4E3FC48CAA}
		{E7C495AE-E43B-4CC8-8626-975968451F21} = {EDA1854E-E5B8-48AE-B466-5D4E62370466}
		{EF9DD3D1-71AA-4139-B900-3817D3BBACBC} = {EDA1854E-E5B8-48AE-B466-5D4E62370466}
		{847F1842-509A-44A8-B4A4-12C9FF32CF29} = {EDA1854E-E5B8-48AE-B466-5D4E62370466}
		{687D7958-601C-4FD5-9EA8-A3968520E03B} = {9124C631-9503-47F7-9B80-E4FA187FCF77}
	EndGlobalSection
EndGlobal
